# THIS IS AN AUTOGENERATED FILE. DO NOT EDIT THIS FILE DIRECTLY.
# yarn lockfile v1


"@types/json-schema@^7.0.4":
  version "7.0.5"
  resolved "https://registry.yarnpkg.com/@types/json-schema/-/json-schema-7.0.5.tgz#dcce4430e64b443ba8945f0290fb564ad5bac6dd"
  integrity sha512-7+2BITlgjgDhH0vvwZU/HZJVyk+2XUlvxXe8dFMedNX/aMkaOq++rMAFXc0tM7ij15QaWlbdQASBR9dihi+bDQ==

"@vuepress/plugin-active-header-links@^1.5.2":
  version "1.5.3"
  resolved "https://registry.yarnpkg.com/@vuepress/plugin-active-header-links/-/plugin-active-header-links-1.5.3.tgz#736f51a3aab126b6a003d896d3d77254b656a76e"
  integrity sha512-x9U3bVkwwUkfXtf7db1Gg/m32UGpSWRurdl9I5ePFFxwEy8ffGmvhpzCBL878q8TNa90jd1XueQJCq6hQ9/KsQ==
  dependencies:
    lodash.debounce "^4.0.8"

ajv-keywords@^3.4.1:
  version "3.5.2"
  resolved "https://registry.yarnpkg.com/ajv-keywords/-/ajv-keywords-3.5.2.tgz#31f29da5ab6e00d1c2d329acf7b5929614d5014d"
  integrity sha512-5p6WTN0DdTGVQk6VjcEju19IgaHudalcfabD7yhDGeA6bcQnmL+CpveLJq/3hvfwd1aof6L386Ougkx6RfyMIQ==

ajv@^6.12.2:
  version "6.12.3"
  resolved "https://registry.yarnpkg.com/ajv/-/ajv-6.12.3.tgz#18c5af38a111ddeb4f2697bd78d68abc1cabd706"
  integrity sha512-4K0cK3L1hsqk9xIb2z9vs/XU+PGJZ9PNpJRDS9YLzmNdX6jmVPfamLvTJr0aDAusnHyCHO6MjzlkAsgtqp9teA==
  dependencies:
    fast-deep-equal "^3.1.1"
    fast-json-stable-stringify "^2.0.0"
    json-schema-traverse "^0.4.1"
    uri-js "^4.2.2"

anymatch@~3.1.1:
  version "3.1.1"
  resolved "https://registry.yarnpkg.com/anymatch/-/anymatch-3.1.1.tgz#c55ecf02185e2469259399310c173ce31233b142"
  integrity sha512-mM8522psRCqzV+6LhomX5wgp25YVibjh8Wj23I5RPkPppSVSjyKD2A2mBJmWGa+KN7f2D6LNh9jkBCeyLktzjg==
  dependencies:
    normalize-path "^3.0.0"
    picomatch "^2.0.4"

big.js@^5.2.2:
  version "5.2.2"
  resolved "https://registry.yarnpkg.com/big.js/-/big.js-5.2.2.tgz#65f0af382f578bcdc742bd9c281e9cb2d7768328"
  integrity sha512-vyL2OymJxmarO8gxMr0mhChsO9QGwhynfuu4+MHTAW6czfq9humCB7rKpUjDd9YUiDPU4mzpyupFSvOClAwbmQ==

binary-extensions@^2.0.0:
  version "2.0.0"
  resolved "https://registry.yarnpkg.com/binary-extensions/-/binary-extensions-2.0.0.tgz#23c0df14f6a88077f5f986c0d167ec03c3d5537c"
  integrity sha512-Phlt0plgpIIBOGTT/ehfFnbNlfsDEiqmzE2KRXoX1bLIlir4X/MR+zSyBEkL05ffWgnRSf/DXv+WrUAVr93/ow==

braces@~3.0.2:
  version "3.0.2"
  resolved "https://registry.yarnpkg.com/braces/-/braces-3.0.2.tgz#3454e1a462ee8d599e236df336cd9ea4f8afe107"
  integrity sha512-b8um+L1RzM3WDSzvhm6gIz1yfTbBt6YTlcEKAvsmqCZZFw46z626lVj9j1yEPW33H5H+lBQpZMP1k8l+78Ha0A==
  dependencies:
    fill-range "^7.0.1"

"chokidar@>=2.0.0 <4.0.0":
  version "3.3.1"
  resolved "https://registry.yarnpkg.com/chokidar/-/chokidar-3.3.1.tgz#c84e5b3d18d9a4d77558fef466b1bf16bbeb3450"
  integrity sha512-4QYCEWOcK3OJrxwvyyAOxFuhpvOVCYkr33LPfFNBjAD/w3sEzWsp2BUOkI4l9bHvWioAd0rc6NlHUOEaWkTeqg==
  dependencies:
    anymatch "~3.1.1"
    braces "~3.0.2"
    glob-parent "~5.1.0"
    is-binary-path "~2.1.0"
    is-glob "~4.0.1"
    normalize-path "~3.0.0"
    readdirp "~3.3.0"
  optionalDependencies:
    fsevents "~2.1.2"

clipboard@^2.0.0:
  version "2.0.4"
  resolved "https://registry.yarnpkg.com/clipboard/-/clipboard-2.0.4.tgz#836dafd66cf0fea5d71ce5d5b0bf6e958009112d"
  integrity sha512-Vw26VSLRpJfBofiVaFb/I8PVfdI1OxKcYShe6fm0sP/DtmiWQNCjhM/okTvdCo0G+lMMm1rMYbk4IK4x1X+kgQ==
  dependencies:
    good-listener "^1.2.2"
    select "^1.1.2"
    tiny-emitter "^2.0.0"

deepmerge@^4.2.2:
  version "4.2.2"
  resolved "https://registry.yarnpkg.com/deepmerge/-/deepmerge-4.2.2.tgz#44d2ea3679b8f4d4ffba33f03d865fc1e7bf4955"
  integrity sha512-FJ3UgI4gIl+PHZm53knsuSFpE+nESMr7M4v9QcgB7S63Kj/6WqMiFQJpBBYz1Pt+66bZpP3Q7Lye0Oo9MPKEdg==

delegate@^3.1.2:
  version "3.2.0"
  resolved "https://registry.yarnpkg.com/delegate/-/delegate-3.2.0.tgz#b66b71c3158522e8ab5744f720d8ca0c2af59166"
  integrity sha512-IofjkYBZaZivn0V8nnsMJGBr4jVLxHDheKSW88PyxS5QC4Vo9ZbZVvhzlSxY87fVq3STR6r+4cGepyHkcWOQSw==

detect-libc@^1.0.3:
  version "1.0.3"
  resolved "https://registry.yarnpkg.com/detect-libc/-/detect-libc-1.0.3.tgz#fa137c4bd698edf55cd5cd02ac559f91a4c4ba9b"
  integrity sha1-+hN8S9aY7fVc1c0CrFWfkaTEups=

emojis-list@^2.0.0:
  version "2.1.0"
  resolved "https://registry.yarnpkg.com/emojis-list/-/emojis-list-2.1.0.tgz#4daa4d9db00f9819880c79fa457ae5b09a1fd389"
  integrity sha1-TapNnbAPmBmIDHn6RXrlsJof04k=

emojis-list@^3.0.0:
  version "3.0.0"
  resolved "https://registry.yarnpkg.com/emojis-list/-/emojis-list-3.0.0.tgz#5570662046ad29e2e916e71aae260abdff4f6a78"
  integrity sha512-/kyM18EfinwXZbno9FyUGeFh87KC8HRQBQGildHZbEuRyWFOmv1U10o9BBp8XVZDVNNuQKyIGIu5ZYAAXJ0V2Q==

fast-deep-equal@^3.1.1:
  version "3.1.3"
  resolved "https://registry.yarnpkg.com/fast-deep-equal/-/fast-deep-equal-3.1.3.tgz#3a7d56b559d6cbc3eb512325244e619a65c6c525"
  integrity sha512-f3qQ9oQy9j2AhBe/H9VC91wLmKBCCU/gDOnKNAYG5hswO7BLKj09Hc5HYNz9cGI++xlpDCIgDaitVs03ATR84Q==

fast-json-stable-stringify@^2.0.0:
  version "2.1.0"
  resolved "https://registry.yarnpkg.com/fast-json-stable-stringify/-/fast-json-stable-stringify-2.1.0.tgz#874bf69c6f404c2b5d99c481341399fd55892633"
  integrity sha512-lhd/wF+Lk98HZoTCtlVraHtfh5XYijIjalXck7saUtuanSDyLMxnHhSXEDJqHxD7msR8D0uCmqlkwjCV8xvwHw==

fibers@^5.0.0:
  version "5.0.0"
  resolved "https://registry.yarnpkg.com/fibers/-/fibers-5.0.0.tgz#3a60e0695b3ee5f6db94e62726716fa7a59acc41"
  integrity sha512-UpGv/YAZp7mhKHxDvC1tColrroGRX90sSvh8RMZV9leo+e5+EkRVgCEZPlmXeo3BUNQTZxUaVdLskq1Q2FyCPg==
  dependencies:
    detect-libc "^1.0.3"

file-loader@^4.0.0:
  version "4.3.0"
  resolved "https://registry.yarnpkg.com/file-loader/-/file-loader-4.3.0.tgz#780f040f729b3d18019f20605f723e844b8a58af"
  integrity sha512-aKrYPYjF1yG3oX0kWRrqrSMfgftm7oJW5M+m4owoldH5C51C0RkIwB++JbRvEW3IU6/ZG5n8UvEcdgwOt2UOWA==
  dependencies:
    loader-utils "^1.2.3"
    schema-utils "^2.5.0"

fill-range@^7.0.1:
  version "7.0.1"
  resolved "https://registry.yarnpkg.com/fill-range/-/fill-range-7.0.1.tgz#1919a6a7c75fe38b2c7c77e5198535da9acdda40"
  integrity sha512-qOo9F+dMUmC2Lcb4BbVvnKJxTPjCm+RRpe4gDuGrzkL7mEVl/djYSu2OdQ2Pa302N4oqkSg9ir6jaLWJ2USVpQ==
  dependencies:
    to-regex-range "^5.0.1"

fsevents@~2.1.2:
  version "2.1.2"
  resolved "https://registry.yarnpkg.com/fsevents/-/fsevents-2.1.2.tgz#4c0a1fb34bc68e543b4b82a9ec392bfbda840805"
  integrity sha512-R4wDiBwZ0KzpgOWetKDug1FZcYhqYnUYKtfZYt4mD5SBz76q0KR4Q9o7GIPamsVPGmW3EYPPJ0dOOjvx32ldZA==

glob-parent@~5.1.0:
  version "5.1.0"
  resolved "https://registry.yarnpkg.com/glob-parent/-/glob-parent-5.1.0.tgz#5f4c1d1e748d30cd73ad2944b3577a81b081e8c2"
  integrity sha512-qjtRgnIVmOfnKUE3NJAQEdk+lKrxfw8t5ke7SXtfMTHcjsBfOfWXCQfdb30zfDoZQ2IRSIiidmjtbHZPZ++Ihw==
  dependencies:
    is-glob "^4.0.1"

good-listener@^1.2.2:
  version "1.2.2"
  resolved "https://registry.yarnpkg.com/good-listener/-/good-listener-1.2.2.tgz#d53b30cdf9313dffb7dc9a0d477096aa6d145c50"
  integrity sha1-1TswzfkxPf+33JoNR3CWqm0UXFA=
  dependencies:
    delegate "^3.1.2"

is-binary-path@~2.1.0:
  version "2.1.0"
  resolved "https://registry.yarnpkg.com/is-binary-path/-/is-binary-path-2.1.0.tgz#ea1f7f3b80f064236e83470f86c09c254fb45b09"
  integrity sha512-ZMERYes6pDydyuGidse7OsHxtbI7WVeUEozgR/g7rd0xUimYNlvZRE/K2MgZTjWy725IfelLeVcEM97mmtRGXw==
  dependencies:
    binary-extensions "^2.0.0"

is-extglob@^2.1.1:
  version "2.1.1"
  resolved "https://registry.yarnpkg.com/is-extglob/-/is-extglob-2.1.1.tgz#a88c02535791f02ed37c76a1b9ea9773c833f8c2"
  integrity sha1-qIwCU1eR8C7TfHahueqXc8gz+MI=

is-glob@^4.0.1, is-glob@~4.0.1:
  version "4.0.1"
  resolved "https://registry.yarnpkg.com/is-glob/-/is-glob-4.0.1.tgz#7567dbe9f2f5e2467bc77ab83c4a29482407a5dc"
  integrity sha512-5G0tKtBTFImOqDnLB2hG6Bp2qcKEFduo4tZu9MT/H6NQv/ghhy30o55ufafxJ/LdH79LLs2Kfrn85TLKyA7BUg==
  dependencies:
    is-extglob "^2.1.1"

is-number@^7.0.0:
  version "7.0.0"
  resolved "https://registry.yarnpkg.com/is-number/-/is-number-7.0.0.tgz#7535345b896734d5f80c4d06c50955527a14f12b"
  integrity sha512-41Cifkg6e8TylSpdtTpeLVMqvSBEVzTttHvERD741+pnZ8ANv0004MRL43QKPDlK9cGvNp6NZWZUBlbGXYxxng==

json-schema-traverse@^0.4.1:
  version "0.4.1"
  resolved "https://registry.yarnpkg.com/json-schema-traverse/-/json-schema-traverse-0.4.1.tgz#69f6a87d9513ab8bb8fe63bdb0979c448e684660"
  integrity sha512-xbbCH5dCYU5T8LcEhhuh7HJ88HXuW3qsI3Y0zOZFKfZEHcpWiHU/Jxzk629Brsab/mMiHQti9wMP+845RPe3Vg==

json5@^1.0.1:
  version "1.0.1"
  resolved "https://registry.yarnpkg.com/json5/-/json5-1.0.1.tgz#779fb0018604fa854eacbf6252180d83543e3dbe"
  integrity sha512-aKS4WQjPenRxiQsC93MNfjx+nbF4PAdYzmd/1JIj8HYzqfbu86beTuNgXDzPknWk0n0uARlyewZo4s++ES36Ow==
  dependencies:
    minimist "^1.2.0"

json5@^2.1.2:
  version "2.1.3"
  resolved "https://registry.yarnpkg.com/json5/-/json5-2.1.3.tgz#c9b0f7fa9233bfe5807fe66fcf3a5617ed597d43"
  integrity sha512-KXPvOm8K9IJKFM0bmdn8QXh7udDh1g/giieX0NLCaMnb4hEiVFqnop2ImTXCc5e0/oHz3LTqmHGtExn5hfMkOA==
  dependencies:
    minimist "^1.2.5"

klona@^1.1.2:
  version "1.1.2"
  resolved "https://registry.yarnpkg.com/klona/-/klona-1.1.2.tgz#a79e292518a5a5412ec8d097964bff1571a64db0"
  integrity sha512-xf88rTeHiXk+XE2Vhi6yj8Wm3gMZrygGdKjJqN8HkV+PwF/t50/LdAKHoHpPcxFAlmQszTZ1CugrK25S7qDRLA==

loader-utils@^1.2.0:
  version "1.2.3"
  resolved "https://registry.yarnpkg.com/loader-utils/-/loader-utils-1.2.3.tgz#1ff5dc6911c9f0a062531a4c04b609406108c2c7"
  integrity sha512-fkpz8ejdnEMG3s37wGL07iSBDg99O9D5yflE9RGNH3hRdx9SOwYfnGYdZOUIZitN8E+E2vkq3MUMYMvPYl5ZZA==
  dependencies:
    big.js "^5.2.2"
    emojis-list "^2.0.0"
    json5 "^1.0.1"

loader-utils@^1.2.3:
  version "1.4.0"
  resolved "https://registry.yarnpkg.com/loader-utils/-/loader-utils-1.4.0.tgz#c579b5e34cb34b1a74edc6c1fb36bfa371d5a613"
  integrity sha512-qH0WSMBtn/oHuwjy/NucEgbx5dbxxnxup9s4PVXJUDHZBQY+s0NWA9rJf53RBnQZxfch7euUui7hpoAPvALZdA==
  dependencies:
    big.js "^5.2.2"
    emojis-list "^3.0.0"
    json5 "^1.0.1"

loader-utils@^2.0.0:
  version "2.0.0"
  resolved "https://registry.yarnpkg.com/loader-utils/-/loader-utils-2.0.0.tgz#e4cace5b816d425a166b5f097e10cd12b36064b0"
  integrity sha512-rP4F0h2RaWSvPEkD7BLDFQnvSf+nK+wr3ESUjNTyAGobqrijmW92zc+SO6d4p4B1wh7+B/Jg1mkQe5NYUEHtHQ==
  dependencies:
    big.js "^5.2.2"
    emojis-list "^3.0.0"
    json5 "^2.1.2"

lodash.debounce@^4.0.8:
  version "4.0.8"
  resolved "https://registry.yarnpkg.com/lodash.debounce/-/lodash.debounce-4.0.8.tgz#82d79bff30a67c4005ffd5e2515300ad9ca4d7af"
  integrity sha1-gteb/zCmfEAF/9XiUVMArZyk168=

minimist@^1.2.0, minimist@^1.2.5:
  version "1.2.5"
  resolved "https://registry.yarnpkg.com/minimist/-/minimist-1.2.5.tgz#67d66014b66a6a8aaa0c083c5fd58df4e4e97602"
  integrity sha512-FM9nNUYrRBAELZQT3xeZQ7fmMOBg6nWNmJKTcgsJeaLstP/UODVpGsr5OhXhhXg6f+qtJ8uiZ+PUxkDWcgIXLw==

neo-async@^2.6.2:
  version "2.6.2"
  resolved "https://registry.yarnpkg.com/neo-async/-/neo-async-2.6.2.tgz#b4aafb93e3aeb2d8174ca53cf163ab7d7308305f"
  integrity sha512-Yd3UES5mWCSqR+qNT93S3UoYUkqAZ9lLg8a7g9rimsWmYGK8cVToA4/sF3RrshdyV3sAGMXVUmpMYOw+dLpOuw==

normalize-path@^3.0.0, normalize-path@~3.0.0:
  version "3.0.0"
  resolved "https://registry.yarnpkg.com/normalize-path/-/normalize-path-3.0.0.tgz#0dcd69ff23a1c9b11fd0978316644a0388216a65"
  integrity sha512-6eZs5Ls3WtCisHWp9S2GUy8dqkpGi4BVSz3GaqiE6ezub0512ESztXUwUB6C6IKbQkY2Pnb/mD4WYojCRwcwLA==

picomatch@^2.0.4, picomatch@^2.0.7:
  version "2.2.1"
  resolved "https://registry.yarnpkg.com/picomatch/-/picomatch-2.2.1.tgz#21bac888b6ed8601f831ce7816e335bc779f0a4a"
  integrity sha512-ISBaA8xQNmwELC7eOjqFKMESB2VIqt4PPDD0nsS95b/9dZXvVKOlz9keMSnoGGKcOHXfTvDD6WMaRoSc9UuhRA==

prismjs@^1.20.0:
  version "1.21.0"
  resolved "https://registry.yarnpkg.com/prismjs/-/prismjs-1.21.0.tgz#36c086ec36b45319ec4218ee164c110f9fc015a3"
  integrity sha512-uGdSIu1nk3kej2iZsLyDoJ7e9bnPzIgY0naW/HdknGj61zScaprVEVGHrPoXqI+M9sP0NDnTK2jpkvmldpuqDw==
  optionalDependencies:
    clipboard "^2.0.0"

punycode@^2.1.0:
  version "2.1.1"
  resolved "https://registry.yarnpkg.com/punycode/-/punycode-2.1.1.tgz#b58b010ac40c22c5657616c8d2c2c02c7bf479ec"
  integrity sha512-XRsRjdf+j5ml+y/6GKHPZbrF/8p2Yga0JPtdqTIY2Xe5ohJPD9saDJJLPvp9+NSBprVvevdXZybnj2cv8OEd0A==

qrcode-generator@^1.4.4:
  version "1.4.4"
  resolved "https://registry.yarnpkg.com/qrcode-generator/-/qrcode-generator-1.4.4.tgz#63f771224854759329a99048806a53ed278740e7"
  integrity sha512-HM7yY8O2ilqhmULxGMpcHSF1EhJJ9yBj8gvDEuZ6M+KGJ0YY2hKpnXvRD+hZPLrDVck3ExIGhmPtSdcjC+guuw==

readdirp@~3.3.0:
  version "3.3.0"
  resolved "https://registry.yarnpkg.com/readdirp/-/readdirp-3.3.0.tgz#984458d13a1e42e2e9f5841b129e162f369aff17"
  integrity sha512-zz0pAkSPOXXm1viEwygWIPSPkcBYjW1xU5j/JBh5t9bGCJwa6f9+BJa6VaB2g+b55yVrmXzqkyLf4xaWYM0IkQ==
  dependencies:
    picomatch "^2.0.7"

sass-loader@^9.0.2:
  version "9.0.3"
  resolved "https://registry.yarnpkg.com/sass-loader/-/sass-loader-9.0.3.tgz#086adcf0bfdcc9d920413e2cdc3ba3321373d547"
  integrity sha512-fOwsP98ac1VMme+V3+o0HaaMHp8Q/C9P+MUazLFVi3Jl7ORGHQXL1XeRZt3zLSGZQQPC8xE42Y2WptItvGjDQg==
  dependencies:
    klona "^1.1.2"
    loader-utils "^2.0.0"
    neo-async "^2.6.2"
    schema-utils "^2.7.0"
    semver "^7.3.2"

sass@^1.26.10:
  version "1.26.10"
  resolved "https://registry.yarnpkg.com/sass/-/sass-1.26.10.tgz#851d126021cdc93decbf201d1eca2a20ee434760"
  integrity sha512-bzN0uvmzfsTvjz0qwccN1sPm2HxxpNI/Xa+7PlUEMS+nQvbyuEK7Y0qFqxlPHhiNHb1Ze8WQJtU31olMObkAMw==
  dependencies:
    chokidar ">=2.0.0 <4.0.0"

schema-utils@^2.5.0, schema-utils@^2.7.0:
  version "2.7.0"
  resolved "https://registry.yarnpkg.com/schema-utils/-/schema-utils-2.7.0.tgz#17151f76d8eae67fbbf77960c33c676ad9f4efc7"
  integrity sha512-0ilKFI6QQF5nxDZLFn2dMjvc4hjg/Wkg7rHd3jK6/A4a1Hl9VFdQWvgB1UMGoU94pad1P/8N7fMcEnLnSiju8A==
  dependencies:
    "@types/json-schema" "^7.0.4"
    ajv "^6.12.2"
    ajv-keywords "^3.4.1"

select@^1.1.2:
  version "1.1.2"
  resolved "https://registry.yarnpkg.com/select/-/select-1.1.2.tgz#0e7350acdec80b1108528786ec1d4418d11b396d"
  integrity sha1-DnNQrN7ICxEIUoeG7B1EGNEbOW0=

semver@^7.3.2:
  version "7.3.2"
  resolved "https://registry.yarnpkg.com/semver/-/semver-7.3.2.tgz#604962b052b81ed0786aae84389ffba70ffd3938"
  integrity sha512-OrOb32TeeambH6UrhtShmF7CRDqhL6/5XpPNp2DuRH6+9QLw/orhp72j87v8Qa1ScDkvrrBNpZcDejAirJmfXQ==

tiny-emitter@^2.0.0:
  version "2.1.0"
  resolved "https://registry.yarnpkg.com/tiny-emitter/-/tiny-emitter-2.1.0.tgz#1d1a56edfc51c43e863cbb5382a72330e3555423"
  integrity sha512-NB6Dk1A9xgQPMoGqC5CVXn123gWyte215ONT5Pp5a0yt4nlEoO1ZWeCwpncaekPHXO60i47ihFnZPiRPjRMq4Q==

to-regex-range@^5.0.1:
  version "5.0.1"
  resolved "https://registry.yarnpkg.com/to-regex-range/-/to-regex-range-5.0.1.tgz#1648c44aae7c8d988a326018ed72f5b4dd0392e4"
  integrity sha512-65P7iz6X5yEr1cwcgvQxbbIw7Uk3gOy5dIdtZ4rDveLqhrdJP+Li/Hx6tyK0NEb+2GCyneCMJiGqrADCSNk8sQ==
  dependencies:
    is-number "^7.0.0"

uri-js@^4.2.2:
  version "4.2.2"
  resolved "https://registry.yarnpkg.com/uri-js/-/uri-js-4.2.2.tgz#94c540e1ff772956e2299507c010aea6c8838eb0"
  integrity sha512-KY9Frmirql91X2Qgjry0Wd4Y+YTdrdZheS8TFwvkbLWf/G5KNJDCh6pKL5OZctEW4+0Baa5idK2ZQuELRwPznQ==
  dependencies:
    punycode "^2.1.0"

vuetify-loader@^1.6.0:
  version "1.6.0"
  resolved "https://registry.yarnpkg.com/vuetify-loader/-/vuetify-loader-1.6.0.tgz#05df0805b3ab2ff0de198109d34f9da3f69da667"
  integrity sha512-1bx3YeZ712dT1+QMX+XSFlP0O5k5O5Ui9ysBBmUZ9bWkAEHWZJQI9soI+qG5qmeFxUC0L9QYMCIKP0hOL/pf3Q==
  dependencies:
    file-loader "^4.0.0"
    loader-utils "^1.2.0"

vuetify@^2.3.6:
  version "2.3.8"
  resolved "https://registry.yarnpkg.com/vuetify/-/vuetify-2.3.8.tgz#4b468f0eaa780107d6a89249856e46f96e1e1bda"
  integrity sha512-T754w4jV3eeuEwEfRTpHdlo76ZRUVTBeMMzVyqSEr61AfhDSYf9rJfHOlhfXG4aaQbZ34dRR48bzRiS4ICz2fQ==
